// !$*UTF8*$!
{
	archiveVersion = 1;
	classes = {
	};
	objectVersion = 50;
	objects = {

/* Begin PBXBuildFile section */
		9634E3BF26C5790000E6E099 /* AppDelegate.swift in Sources */ = {isa = PBXBuildFile; fileRef = 9634E3BE26C5790000E6E099 /* AppDelegate.swift */; };
		9634E3C126C5790000E6E099 /* ContentView.swift in Sources */ = {isa = PBXBuildFile; fileRef = 9634E3C026C5790000E6E099 /* ContentView.swift */; };
		9634E3C326C5790100E6E099 /* Assets.xcassets in Resources */ = {isa = PBXBuildFile; fileRef = 9634E3C226C5790100E6E099 /* Assets.xcassets */; };
		9634E3C626C5790100E6E099 /* Preview Assets.xcassets in Resources */ = {isa = PBXBuildFile; fileRef = 9634E3C526C5790100E6E099 /* Preview Assets.xcassets */; };
		9634E3C926C5790100E6E099 /* Main.storyboard in Resources */ = {isa = PBXBuildFile; fileRef = 9634E3C726C5790100E6E099 /* Main.storyboard */; };
		9634E3D326C57A5100E6E099 /* TrackpadReader.swift in Sources */ = {isa = PBXBuildFile; fileRef = 9634E3D226C57A5100E6E099 /* TrackpadReader.swift */; };
		9634E3D626C6A08F00E6E099 /* GlobalEventListener.swift in Sources */ = {isa = PBXBuildFile; fileRef = 9634E3D526C6A08F00E6E099 /* GlobalEventListener.swift */; };
		9634E3FA26C6AFDB00E6E099 /* TaikoShape.swift in Sources */ = {isa = PBXBuildFile; fileRef = 9634E3F926C6AFDB00E6E099 /* TaikoShape.swift */; };
		9634E3FD26C6B94A00E6E099 /* KeystrokeGenerator.swift in Sources */ = {isa = PBXBuildFile; fileRef = 9634E3FC26C6B94A00E6E099 /* KeystrokeGenerator.swift */; };
/* End PBXBuildFile section */

/* Begin PBXFileReference section */
		9634E3BB26C5790000E6E099 /* TaikoTrackpad.app */ = {isa = PBXFileReference; explicitFileType = wrapper.application; includeInIndex = 0; path = TaikoTrackpad.app; sourceTree = BUILT_PRODUCTS_DIR; };
		9634E3BE26C5790000E6E099 /* AppDelegate.swift */ = {isa = PBXFileReference; lastKnownFileType = sourcecode.swift; path = AppDelegate.swift; sourceTree = "<group>"; };
		9634E3C026C5790000E6E099 /* ContentView.swift */ = {isa = PBXFileReference; lastKnownFileType = sourcecode.swift; path = ContentView.swift; sourceTree = "<group>"; };
		9634E3C226C5790100E6E099 /* Assets.xcassets */ = {isa = PBXFileReference; lastKnownFileType = folder.assetcatalog; path = Assets.xcassets; sourceTree = "<group>"; };
		9634E3C526C5790100E6E099 /* Preview Assets.xcassets */ = {isa = PBXFileReference; lastKnownFileType = folder.assetcatalog; path = "Preview Assets.xcassets"; sourceTree = "<group>"; };
		9634E3C826C5790100E6E099 /* Base */ = {isa = PBXFileReference; lastKnownFileType = file.storyboard; name = Base; path = Base.lproj/Main.storyboard; sourceTree = "<group>"; };
		9634E3CA26C5790100E6E099 /* Info.plist */ = {isa = PBXFileReference; lastKnownFileType = text.plist.xml; path = Info.plist; sourceTree = "<group>"; };
		9634E3CB26C5790100E6E099 /* TaikoTrackpad.entitlements */ = {isa = PBXFileReference; lastKnownFileType = text.plist.entitlements; path = TaikoTrackpad.entitlements; sourceTree = "<group>"; };
		9634E3D226C57A5100E6E099 /* TrackpadReader.swift */ = {isa = PBXFileReference; lastKnownFileType = sourcecode.swift; path = TrackpadReader.swift; sourceTree = "<group>"; };
		9634E3D526C6A08F00E6E099 /* GlobalEventListener.swift */ = {isa = PBXFileReference; lastKnownFileType = sourcecode.swift; path = GlobalEventListener.swift; sourceTree = "<group>"; };
		9634E3F926C6AFDB00E6E099 /* TaikoShape.swift */ = {isa = PBXFileReference; lastKnownFileType = sourcecode.swift; path = TaikoShape.swift; sourceTree = "<group>"; };
		9634E3FC26C6B94A00E6E099 /* KeystrokeGenerator.swift */ = {isa = PBXFileReference; lastKnownFileType = sourcecode.swift; path = KeystrokeGenerator.swift; sourceTree = "<group>"; };
		9646415926C78FB70038210A /* TaikoTrackpad-Bridging-Header.h */ = {isa = PBXFileReference; lastKnownFileType = sourcecode.c.h; path = "TaikoTrackpad-Bridging-Header.h"; sourceTree = "<group>"; };
/* End PBXFileReference section */

/* Begin PBXFrameworksBuildPhase section */
		9634E3B826C5790000E6E099 /* Frameworks */ = {
			isa = PBXFrameworksBuildPhase;
			buildActionMask = 2147483647;
			files = (
			);
			runOnlyForDeploymentPostprocessing = 0;
		};
/* End PBXFrameworksBuildPhase section */

/* Begin PBXGroup section */
		9634E3B226C5790000E6E099 = {
			isa = PBXGroup;
			children = (
				9634E3BD26C5790000E6E099 /* TaikoTrackpad */,
				9634E3BC26C5790000E6E099 /* Products */,
			);
			sourceTree = "<group>";
		};
		9634E3BC26C5790000E6E099 /* Products */ = {
			isa = PBXGroup;
			children = (
				9634E3BB26C5790000E6E099 /* TaikoTrackpad.app */,
			);
			name = Products;
			sourceTree = "<group>";
		};
		9634E3BD26C5790000E6E099 /* TaikoTrackpad */ = {
			isa = PBXGroup;
			children = (
				9634E3BE26C5790000E6E099 /* AppDelegate.swift */,
				9634E3D526C6A08F00E6E099 /* GlobalEventListener.swift */,
				9646415926C78FB70038210A /* TaikoTrackpad-Bridging-Header.h */,
				9634E3C026C5790000E6E099 /* ContentView.swift */,
				9634E3D226C57A5100E6E099 /* TrackpadReader.swift */,
				9634E3FC26C6B94A00E6E099 /* KeystrokeGenerator.swift */,
				9634E3F926C6AFDB00E6E099 /* TaikoShape.swift */,
				9634E3C226C5790100E6E099 /* Assets.xcassets */,
				9634E3C726C5790100E6E099 /* Main.storyboard */,
				9634E3CA26C5790100E6E099 /* Info.plist */,
				9634E3CB26C5790100E6E099 /* TaikoTrackpad.entitlements */,
				9634E3C426C5790100E6E099 /* Preview Content */,
			);
			path = TaikoTrackpad;
			sourceTree = "<group>";
		};
		9634E3C426C5790100E6E099 /* Preview Content */ = {
			isa = PBXGroup;
			children = (
				9634E3C526C5790100E6E099 /* Preview Assets.xcassets */,
			);
			path = "Preview Content";
			sourceTree = "<group>";
		};
/* End PBXGroup section */

/* Begin PBXNativeTarget section */
		9634E3BA26C5790000E6E099 /* TaikoTrackpad */ = {
			isa = PBXNativeTarget;
			buildConfigurationList = 9634E3CE26C5790100E6E099 /* Build configuration list for PBXNativeTarget "TaikoTrackpad" */;
			buildPhases = (
				9634E3B726C5790000E6E099 /* Sources */,
				9634E3B826C5790000E6E099 /* Frameworks */,
				9634E3B926C5790000E6E099 /* Resources */,
			);
			buildRules = (
			);
			dependencies = (
			);
			name = TaikoTrackpad;
			productName = TaikoTrackpad;
			productReference = 9634E3BB26C5790000E6E099 /* TaikoTrackpad.app */;
			productType = "com.apple.product-type.application";
		};
/* End PBXNativeTarget section */

/* Begin PBXProject section */
		9634E3B326C5790000E6E099 /* Project object */ = {
			isa = PBXProject;
			attributes = {
				LastSwiftUpdateCheck = 1240;
				LastUpgradeCheck = 1240;
				TargetAttributes = {
					9634E3BA26C5790000E6E099 = {
						CreatedOnToolsVersion = 12.4;
					};
				};
			};
			buildConfigurationList = 9634E3B626C5790000E6E099 /* Build configuration list for PBXProject "TaikoTrackpad" */;
			compatibilityVersion = "Xcode 9.3";
			developmentRegion = en;
			hasScannedForEncodings = 0;
			knownRegions = (
				en,
				Base,
			);
			mainGroup = 9634E3B226C5790000E6E099;
			productRefGroup = 9634E3BC26C5790000E6E099 /* Products */;
			projectDirPath = "";
			projectRoot = "";
			targets = (
				9634E3BA26C5790000E6E099 /* TaikoTrackpad */,
			);
		};
/* End PBXProject section */

/* Begin PBXResourcesBuildPhase section */
		9634E3B926C5790000E6E099 /* Resources */ = {
			isa = PBXResourcesBuildPhase;
			buildActionMask = 2147483647;
			files = (
				9634E3C926C5790100E6E099 /* Main.storyboard in Resources */,
				9634E3C626C5790100E6E099 /* Preview Assets.xcassets in Resources */,
				9634E3C326C5790100E6E099 /* Assets.xcassets in Resources */,
			);
			runOnlyForDeploymentPostprocessing = 0;
		};
/* End PBXResourcesBuildPhase section */

/* Begin PBXSourcesBuildPhase section */
		9634E3B726C5790000E6E099 /* Sources */ = {
			isa = PBXSourcesBuildPhase;
			buildActionMask = 2147483647;
			files = (
				9634E3C126C5790000E6E099 /* ContentView.swift in Sources */,
				9634E3D626C6A08F00E6E099 /* GlobalEventListener.swift in Sources */,
				9634E3FA26C6AFDB00E6E099 /* TaikoShape.swift in Sources */,
				9634E3FD26C6B94A00E6E099 /* KeystrokeGenerator.swift in Sources */,
				9634E3D326C57A5100E6E099 /* TrackpadReader.swift in Sources */,
				9634E3BF26C5790000E6E099 /* AppDelegate.swift in Sources */,
			);
			runOnlyForDeploymentPostprocessing = 0;
		};
/* End PBXSourcesBuildPhase section */

/* Begin PBXVariantGroup section */
		9634E3C726C5790100E6E099 /* Main.storyboard */ = {
			isa = PBXVariantGroup;
			children = (
				9634E3C826C5790100E6E099 /* Base */,
			);
			name = Main.storyboard;
			sourceTree = "<group>";
		};
/* End PBXVariantGroup section */

/* Begin XCBuildConfiguration section */
		9634E3CC26C5790100E6E099 /* Debug */ = {
			isa = XCBuildConfiguration;
			buildSettings = {
				ALWAYS_SEARCH_USER_PATHS = NO;
				CLANG_ANALYZER_NONNULL = YES;
				CLANG_ANALYZER_NUMBER_OBJECT_CONVERSION = YES_AGGRESSIVE;
				CLANG_CXX_LANGUAGE_STANDARD = "gnu++14";
				CLANG_CXX_LIBRARY = "libc++";
				CLANG_ENABLE_MODULES = YES;
				CLANG_ENABLE_OBJC_ARC = YES;
				CLANG_ENABLE_OBJC_WEAK = YES;
				CLANG_WARN_BLOCK_CAPTURE_AUTORELEASING = YES;
				CLANG_WARN_BOOL_CONVERSION = YES;
				CLANG_WARN_COMMA = YES;
				CLANG_WARN_CONSTANT_CONVERSION = YES;
				CLANG_WARN_DEPRECATED_OBJC_IMPLEMENTATIONS = YES;
				CLANG_WARN_DIRECT_OBJC_ISA_USAGE = YES_ERROR;
				CLANG_WARN_DOCUMENTATION_COMMENTS = YES;
				CLANG_WARN_EMPTY_BODY = YES;
				CLANG_WARN_ENUM_CONVERSION = YES;
				CLANG_WARN_INFINITE_RECURSION = YES;
				CLANG_WARN_INT_CONVERSION = YES;
				CLANG_WARN_NON_LITERAL_NULL_CONVERSION = YES;
				CLANG_WARN_OBJC_IMPLICIT_RETAIN_SELF = YES;
				CLANG_WARN_OBJC_LITERAL_CONVERSION = YES;
				CLANG_WARN_OBJC_ROOT_CLASS = YES_ERROR;
				CLANG_WARN_QUOTED_INCLUDE_IN_FRAMEWORK_HEADER = YES;
				CLANG_WARN_RANGE_LOOP_ANALYSIS = YES;
				CLANG_WARN_STRICT_PROTOTYPES = YES;
				CLANG_WARN_SUSPICIOUS_MOVE = YES;
				CLANG_WARN_UNGUARDED_AVAILABILITY = YES_AGGRESSIVE;
				CLANG_WARN_UNREACHABLE_CODE = YES;
				CLANG_WARN__DUPLICATE_METHOD_MATCH = YES;
				COPY_PHASE_STRIP = NO;
				DEBUG_INFORMATION_FORMAT = dwarf;
				ENABLE_STRICT_OBJC_MSGSEND = YES;
				ENABLE_TESTABILITY = YES;
				GCC_C_LANGUAGE_STANDARD = gnu11;
				GCC_DYNAMIC_NO_PIC = NO;
				GCC_NO_COMMON_BLOCKS = YES;
				GCC_OPTIMIZATION_LEVEL = 0;
				GCC_PREPROCESSOR_DEFINITIONS = (
					"DEBUG=1",
					"$(inherited)",
				);
				GCC_WARN_64_TO_32_BIT_CONVERSION = YES;
				GCC_WARN_ABOUT_RETURN_TYPE = YES_ERROR;
				GCC_WARN_UNDECLARED_SELECTOR = YES;
				GCC_WARN_UNINITIALIZED_AUTOS = YES_AGGRESSIVE;
				GCC_WARN_UNUSED_FUNCTION = YES;
				GCC_WARN_UNUSED_VARIABLE = YES;
				MACOSX_DEPLOYMENT_TARGET = 10.15;
				MTL_ENABLE_DEBUG_INFO = INCLUDE_SOURCE;
				MTL_FAST_MATH = YES;
				ONLY_ACTIVE_ARCH = YES;
				SDKROOT = macosx;
				SWIFT_ACTIVE_COMPILATION_CONDITIONS = DEBUG;
				SWIFT_OPTIMIZATION_LEVEL = "-Onone";
			};
			name = Debug;
		};
		9634E3CD26C5790100E6E099 /* Release */ = {
			isa = XCBuildConfiguration;
			buildSettings = {
				ALWAYS_SEARCH_USER_PATHS = NO;
				CLANG_ANALYZER_NONNULL = YES;
				CLANG_ANALYZER_NUMBER_OBJECT_CONVERSION = YES_AGGRESSIVE;
				CLANG_CXX_LANGUAGE_STANDARD = "gnu++14";
				CLANG_CXX_LIBRARY = "libc++";
				CLANG_ENABLE_MODULES = YES;
				CLANG_ENABLE_OBJC_ARC = YES;
				CLANG_ENABLE_OBJC_WEAK = YES;
				CLANG_WARN_BLOCK_CAPTURE_AUTORELEASING = YES;
				CLANG_WARN_BOOL_CONVERSION = YES;
				CLANG_WARN_COMMA = YES;
				CLANG_WARN_CONSTANT_CONVERSION = YES;
				CLANG_WARN_DEPRECATED_OBJC_IMPLEMENTATIONS = YES;
				CLANG_WARN_DIRECT_OBJC_ISA_USAGE = YES_ERROR;
				CLANG_WARN_DOCUMENTATION_COMMENTS = YES;
				CLANG_WARN_EMPTY_BODY = YES;
				CLANG_WARN_ENUM_CONVERSION = YES;
				CLANG_WARN_INFINITE_RECURSION = YES;
				CLANG_WARN_INT_CONVERSION = YES;
				CLANG_WARN_NON_LITERAL_NULL_CONVERSION = YES;
				CLANG_WARN_OBJC_IMPLICIT_RETAIN_SELF = YES;
				CLANG_WARN_OBJC_LITERAL_CONVERSION = YES;
				CLANG_WARN_OBJC_ROOT_CLASS = YES_ERROR;
				CLANG_WARN_QUOTED_INCLUDE_IN_FRAMEWORK_HEADER = YES;
				CLANG_WARN_RANGE_LOOP_ANALYSIS = YES;
				CLANG_WARN_STRICT_PROTOTYPES = YES;
				CLANG_WARN_SUSPICIOUS_MOVE = YES;
				CLANG_WARN_UNGUARDED_AVAILABILITY = YES_AGGRESSIVE;
				CLANG_WARN_UNREACHABLE_CODE = YES;
				CLANG_WARN__DUPLICATE_METHOD_MATCH = YES;
				COPY_PHASE_STRIP = NO;
				DEBUG_INFORMATION_FORMAT = "dwarf-with-dsym";
				ENABLE_NS_ASSERTIONS = NO;
				ENABLE_STRICT_OBJC_MSGSEND = YES;
				GCC_C_LANGUAGE_STANDARD = gnu11;
				GCC_NO_COMMON_BLOCKS = YES;
				GCC_WARN_64_TO_32_BIT_CONVERSION = YES;
				GCC_WARN_ABOUT_RETURN_TYPE = YES_ERROR;
				GCC_WARN_UNDECLARED_SELECTOR = YES;
				GCC_WARN_UNINITIALIZED_AUTOS = YES_AGGRESSIVE;
				GCC_WARN_UNUSED_FUNCTION = YES;
				GCC_WARN_UNUSED_VARIABLE = YES;
				MACOSX_DEPLOYMENT_TARGET = 10.15;
				MTL_ENABLE_DEBUG_INFO = NO;
				MTL_FAST_MATH = YES;
				SDKROOT = macosx;
				SWIFT_COMPILATION_MODE = wholemodule;
				SWIFT_OPTIMIZATION_LEVEL = "-O";
			};
			name = Release;
		};
		9634E3CF26C5790100E6E099 /* Debug */ = {
			isa = XCBuildConfiguration;
			buildSettings = {
				ASSETCATALOG_COMPILER_APPICON_NAME = AppIcon;
				ASSETCATALOG_COMPILER_GLOBAL_ACCENT_COLOR_NAME = AccentColor;
				CODE_SIGN_ENTITLEMENTS = TaikoTrackpad/TaikoTrackpad.entitlements;
				CODE_SIGN_STYLE = Automatic;
				COMBINE_HIDPI_IMAGES = YES;
				DEVELOPMENT_ASSET_PATHS = "\"TaikoTrackpad/Preview Content\"";
				DEVELOPMENT_TEAM = 8LW2EYFXQD;
				ENABLE_HARDENED_RUNTIME = YES;
				ENABLE_PREVIEWS = YES;
				INFOPLIST_FILE = TaikoTrackpad/Info.plist;
				LD_RUNPATH_SEARCH_PATHS = (
					"$(inherited)",
					"@executable_path/../Frameworks",
				);
				MACOSX_DEPLOYMENT_TARGET = 10.15;
				PRODUCT_BUNDLE_IDENTIFIER = m.j.TaikoTrackpad;
				PRODUCT_NAME = "$(TARGET_NAME)";
				SWIFT_OBJC_BRIDGING_HEADER = "TaikoTrackpad/TaikoTrackpad-Bridging-Header.h";
				SWIFT_VERSION = 5.0;
			};
			name = Debug;
		};
		9634E3D026C5790100E6E099 /* Release */ = {
			isa = XCBuildConfiguration;
			buildSettings = {
				ASSETCATALOG_COMPILER_APPICON_NAME = AppIcon;
				ASSETCATALOG_COMPILER_GLOBAL_ACCENT_COLOR_NAME = AccentColor;
				CODE_SIGN_ENTITLEMENTS = TaikoTrackpad/TaikoTrackpad.entitlements;
				CODE_SIGN_STYLE = Automatic;
				COMBINE_HIDPI_IMAGES = YES;
				DEVELOPMENT_ASSET_PATHS = "\"TaikoTrackpad/Preview Content\"";
				DEVELOPMENT_TEAM = 8LW2EYFXQD;
				ENABLE_HARDENED_RUNTIME = YES;
				ENABLE_PREVIEWS = YES;
				INFOPLIST_FILE = TaikoTrackpad/Info.plist;
				LD_RUNPATH_SEARCH_PATHS = (
					"$(inherited)",
					"@executable_path/../Frameworks",
				);
				MACOSX_DEPLOYMENT_TARGET = 10.15;
				PRODUCT_BUNDLE_IDENTIFIER = m.j.TaikoTrackpad;
				PRODUCT_NAME = "$(TARGET_NAME)";
				SWIFT_OBJC_BRIDGING_HEADER = "TaikoTrackpad/TaikoTrackpad-Bridging-Header.h";
				SWIFT_VERSION = 5.0;
			};
			name = Release;
		};
/* End XCBuildConfiguration section */

/* Begin XCConfigurationList section */
		9634E3B626C5790000E6E099 /* Build configuration list for PBXProject "TaikoTrackpad" */ = {
			isa = XCConfigurationList;
			buildConfigurations = (
				9634E3CC26C5790100E6E099 /* Debug */,
				9634E3CD26C5790100E6E099 /* Release */,
			);
			defaultConfigurationIsVisible = 0;
			defaultConfigurationName = Release;
		};
		9634E3CE26C5790100E6E099 /* Build configuration list for PBXNativeTarget "TaikoTrackpad" */ = {
			isa = XCConfigurationList;
			buildConfigurations = (
				9634E3CF26C5790100E6E099 /* Debug */,
				9634E3D026C5790100E6E099 /* Release */,
			);
			defaultConfigurationIsVisible = 0;
			defaultConfigurationName = Release;
		};
/* End XCConfigurationList section */
	};
	rootObject = 9634E3B326C5790000E6E099 /* Project object */;
}
